
Microsoft Visual Studio Solution File, Format Version 12.00
# Visual Studio Version 17
VisualStudioVersion = 17.13.35818.85 d17.13
MinimumVisualStudioVersion = 10.0.40219.1
Project("{8BC9CEB8-8B4A-11D0-8D11-00A0C91BC942}") = "Project2", "Project2\Project2.vcxproj", "{ABBABFED-6C63-4E14-A030-051CA99E2F11}"
EndProject
Global
	GlobalSection(SolutionConfigurationPlatforms) = preSolution
		Debug|x64 = Debug|x64
		Debug|x86 = Debug|x86
		Release|x64 = Release|x64
		Release|x86 = Release|x86
	EndGlobalSection
	GlobalSection(ProjectConfigurationPlatforms) = postSolution
		{ABBABFED-6C63-4E14-A030-051CA99E2F11}.Debug|x64.ActiveCfg = Debug|x64
		{ABBABFED-6C63-4E14-A030-051CA99E2F11}.Debug|x64.Build.0 = Debug|x64
		{ABBABFED-6C63-4E14-A030-051CA99E2F11}.Debug|x86.ActiveCfg = Debug|Win32
		{ABBABFED-6C63-4E14-A030-051CA99E2F11}.Debug|x86.Build.0 = Debug|Win32
		{ABBABFED-6C63-4E14-A030-051CA99E2F11}.Release|x64.ActiveCfg = Release|x64
		{ABBABFED-6C63-4E14-A030-051CA99E2F11}.Release|x64.Build.0 = Release|x64
		{ABBABFED-6C63-4E14-A030-051CA99E2F11}.Release|x86.ActiveCfg = Release|Win32
		{ABBABFED-6C63-4E14-A030-051CA99E2F11}.Release|x86.Build.0 = Release|Win32
	EndGlobalSection
	GlobalSection(SolutionProperties) = preSolution
		HideSolutionNode = FALSE
	EndGlobalSection
	GlobalSection(ExtensibilityGlobals) = postSolution
		SolutionGuid = {A24C9C4D-F7F7-4658-B595-DED7B66489C0}
	EndGlobalSection
EndGlobal
